
Microsoft Visual Studio Solution File, Format Version 12.00
# Visual Studio 15
VisualStudioVersion = 15.0.27004.2009
MinimumVisualStudioVersion = 10.0.40219.1
Project("{FAE04EC0-301F-11D3-BF4B-00C04F79EFBC}") = "ProjectCIMOB", "ProjectCIMOB\ProjectCIMOB.csproj", "{F6575842-3B62-4270-8388-64E514FB2E22}"
EndProject
Global
	GlobalSection(SolutionConfigurationPlatforms) = preSolution
		Debug|Any CPU = Debug|Any CPU
		Release|Any CPU = Release|Any CPU
	EndGlobalSection
	GlobalSection(ProjectConfigurationPlatforms) = postSolution
		{F6575842-3B62-4270-8388-64E514FB2E22}.Debug|Any CPU.ActiveCfg = Debug|Any CPU
		{F6575842-3B62-4270-8388-64E514FB2E22}.Debug|Any CPU.Build.0 = Debug|Any CPU
		{F6575842-3B62-4270-8388-64E514FB2E22}.Release|Any CPU.ActiveCfg = Release|Any CPU
		{F6575842-3B62-4270-8388-64E514FB2E22}.Release|Any CPU.Build.0 = Release|Any CPU
	EndGlobalSection
	GlobalSection(SolutionProperties) = preSolution
		HideSolutionNode = FALSE
	EndGlobalSection
	GlobalSection(ExtensibilityGlobals) = postSolution
		SolutionGuid = {66F63927-6777-4365-80ED-8617814EA058}
	EndGlobalSection
EndGlobal
